
Microsoft Visual Studio Solution File, Format Version 12.00
Project("{2150E333-8FDC-42A3-9474-1A3956D46DE8}") = "Server", "Server", "{E2EE3B2F-6679-4488-874D-B6028D875B13}"
EndProject
Project("{FAE04EC0-301F-11D3-BF4B-00C04F79EFBC}") = "Entities", "Entities\Entities.csproj", "{06E5B370-806D-4DE7-84EE-E215A6CDB1AE}"
EndProject
Project("{FAE04EC0-301F-11D3-BF4B-00C04F79EFBC}") = "RepositoryContracts", "RepositoryContracts\RepositoryContracts.csproj", "{875E4CA9-2BAB-4803-B40D-B17857D21095}"
EndProject
Project("{FAE04EC0-301F-11D3-BF4B-00C04F79EFBC}") = "InMemoryRepositories", "Server\InMemoryRepositories\InMemoryRepositories.csproj", "{A6DF1C9B-3DD2-4BB1-9B63-FFD84FA6CD4E}"
EndProject
Project("{FAE04EC0-301F-11D3-BF4B-00C04F79EFBC}") = "CLI", "Server\CLI\CLI.csproj", "{68F8ADB3-76FE-4986-9DA7-335ECC88DBBC}"
EndProject
Project("{FAE04EC0-301F-11D3-BF4B-00C04F79EFBC}") = "FileRepositories", "Server\FileRepositories\FileRepositories.csproj", "{1AEF0944-1E81-42D5-8D58-E2E5BF69822E}"
EndProject
Project("{2150E333-8FDC-42A3-9474-1A3956D46DE8}") = "Shared", "Shared", "{82CAEA0B-C522-4236-A9B5-346EF3AF6B08}"
EndProject
Project("{FAE04EC0-301F-11D3-BF4B-00C04F79EFBC}") = "ApiContracts_DTO", "ApiContracts_DTO\ApiContracts_DTO.csproj", "{8844A884-9A89-4875-A1F2-91405EF372B5}"
EndProject
Project("{FAE04EC0-301F-11D3-BF4B-00C04F79EFBC}") = "WebAPI", "Server\WebAPI\WebAPI.csproj", "{5E286C28-DA1A-4B6C-B65A-B9404E1A5C57}"
EndProject
Project("{2150E333-8FDC-42A3-9474-1A3956D46DE8}") = "Client", "Client", "{19AC001C-6D5A-47EE-9616-DC90D6E9A52A}"
EndProject
Project("{FAE04EC0-301F-11D3-BF4B-00C04F79EFBC}") = "BlazorApp", "BlazorApp\BlazorApp.csproj", "{861E37EB-3EFF-4869-B152-21A37EADD876}"
EndProject
Project("{FAE04EC0-301F-11D3-BF4B-00C04F79EFBC}") = "EfcRepositories", "Server\EfcRepositories\EfcRepositories.csproj", "{7666C643-3866-49B2-9503-6C46AF341906}"
EndProject
Global
	GlobalSection(SolutionConfigurationPlatforms) = preSolution
		Debug|Any CPU = Debug|Any CPU
		Release|Any CPU = Release|Any CPU
	EndGlobalSection
	GlobalSection(ProjectConfigurationPlatforms) = postSolution
		{06E5B370-806D-4DE7-84EE-E215A6CDB1AE}.Debug|Any CPU.ActiveCfg = Debug|Any CPU
		{06E5B370-806D-4DE7-84EE-E215A6CDB1AE}.Debug|Any CPU.Build.0 = Debug|Any CPU
		{06E5B370-806D-4DE7-84EE-E215A6CDB1AE}.Release|Any CPU.ActiveCfg = Release|Any CPU
		{06E5B370-806D-4DE7-84EE-E215A6CDB1AE}.Release|Any CPU.Build.0 = Release|Any CPU
		{875E4CA9-2BAB-4803-B40D-B17857D21095}.Debug|Any CPU.ActiveCfg = Debug|Any CPU
		{875E4CA9-2BAB-4803-B40D-B17857D21095}.Debug|Any CPU.Build.0 = Debug|Any CPU
		{875E4CA9-2BAB-4803-B40D-B17857D21095}.Release|Any CPU.ActiveCfg = Release|Any CPU
		{875E4CA9-2BAB-4803-B40D-B17857D21095}.Release|Any CPU.Build.0 = Release|Any CPU
		{A6DF1C9B-3DD2-4BB1-9B63-FFD84FA6CD4E}.Debug|Any CPU.ActiveCfg = Debug|Any CPU
		{A6DF1C9B-3DD2-4BB1-9B63-FFD84FA6CD4E}.Debug|Any CPU.Build.0 = Debug|Any CPU
		{A6DF1C9B-3DD2-4BB1-9B63-FFD84FA6CD4E}.Release|Any CPU.ActiveCfg = Release|Any CPU
		{A6DF1C9B-3DD2-4BB1-9B63-FFD84FA6CD4E}.Release|Any CPU.Build.0 = Release|Any CPU
		{68F8ADB3-76FE-4986-9DA7-335ECC88DBBC}.Debug|Any CPU.ActiveCfg = Debug|Any CPU
		{68F8ADB3-76FE-4986-9DA7-335ECC88DBBC}.Debug|Any CPU.Build.0 = Debug|Any CPU
		{68F8ADB3-76FE-4986-9DA7-335ECC88DBBC}.Release|Any CPU.ActiveCfg = Release|Any CPU
		{68F8ADB3-76FE-4986-9DA7-335ECC88DBBC}.Release|Any CPU.Build.0 = Release|Any CPU
		{1AEF0944-1E81-42D5-8D58-E2E5BF69822E}.Debug|Any CPU.ActiveCfg = Debug|Any CPU
		{1AEF0944-1E81-42D5-8D58-E2E5BF69822E}.Debug|Any CPU.Build.0 = Debug|Any CPU
		{1AEF0944-1E81-42D5-8D58-E2E5BF69822E}.Release|Any CPU.ActiveCfg = Release|Any CPU
		{1AEF0944-1E81-42D5-8D58-E2E5BF69822E}.Release|Any CPU.Build.0 = Release|Any CPU
		{8844A884-9A89-4875-A1F2-91405EF372B5}.Debug|Any CPU.ActiveCfg = Debug|Any CPU
		{8844A884-9A89-4875-A1F2-91405EF372B5}.Debug|Any CPU.Build.0 = Debug|Any CPU
		{8844A884-9A89-4875-A1F2-91405EF372B5}.Release|Any CPU.ActiveCfg = Release|Any CPU
		{8844A884-9A89-4875-A1F2-91405EF372B5}.Release|Any CPU.Build.0 = Release|Any CPU
		{5E286C28-DA1A-4B6C-B65A-B9404E1A5C57}.Debug|Any CPU.ActiveCfg = Debug|Any CPU
		{5E286C28-DA1A-4B6C-B65A-B9404E1A5C57}.Debug|Any CPU.Build.0 = Debug|Any CPU
		{5E286C28-DA1A-4B6C-B65A-B9404E1A5C57}.Release|Any CPU.ActiveCfg = Release|Any CPU
		{5E286C28-DA1A-4B6C-B65A-B9404E1A5C57}.Release|Any CPU.Build.0 = Release|Any CPU
		{861E37EB-3EFF-4869-B152-21A37EADD876}.Debug|Any CPU.ActiveCfg = Debug|Any CPU
		{861E37EB-3EFF-4869-B152-21A37EADD876}.Debug|Any CPU.Build.0 = Debug|Any CPU
		{861E37EB-3EFF-4869-B152-21A37EADD876}.Release|Any CPU.ActiveCfg = Release|Any CPU
		{861E37EB-3EFF-4869-B152-21A37EADD876}.Release|Any CPU.Build.0 = Release|Any CPU
		{7666C643-3866-49B2-9503-6C46AF341906}.Debug|Any CPU.ActiveCfg = Debug|Any CPU
		{7666C643-3866-49B2-9503-6C46AF341906}.Debug|Any CPU.Build.0 = Debug|Any CPU
		{7666C643-3866-49B2-9503-6C46AF341906}.Release|Any CPU.ActiveCfg = Release|Any CPU
		{7666C643-3866-49B2-9503-6C46AF341906}.Release|Any CPU.Build.0 = Release|Any CPU
	EndGlobalSection
	GlobalSection(NestedProjects) = preSolution
		{06E5B370-806D-4DE7-84EE-E215A6CDB1AE} = {E2EE3B2F-6679-4488-874D-B6028D875B13}
		{875E4CA9-2BAB-4803-B40D-B17857D21095} = {E2EE3B2F-6679-4488-874D-B6028D875B13}
		{A6DF1C9B-3DD2-4BB1-9B63-FFD84FA6CD4E} = {E2EE3B2F-6679-4488-874D-B6028D875B13}
		{68F8ADB3-76FE-4986-9DA7-335ECC88DBBC} = {E2EE3B2F-6679-4488-874D-B6028D875B13}
		{1AEF0944-1E81-42D5-8D58-E2E5BF69822E} = {E2EE3B2F-6679-4488-874D-B6028D875B13}
		{8844A884-9A89-4875-A1F2-91405EF372B5} = {82CAEA0B-C522-4236-A9B5-346EF3AF6B08}
		{5E286C28-DA1A-4B6C-B65A-B9404E1A5C57} = {E2EE3B2F-6679-4488-874D-B6028D875B13}
		{861E37EB-3EFF-4869-B152-21A37EADD876} = {19AC001C-6D5A-47EE-9616-DC90D6E9A52A}
		{7666C643-3866-49B2-9503-6C46AF341906} = {E2EE3B2F-6679-4488-874D-B6028D875B13}
	EndGlobalSection
EndGlobal
